
Microsoft Visual Studio Solution File, Format Version 12.00
# Visual Studio Version 16
VisualStudioVersion = 16.0.30523.141
MinimumVisualStudioVersion = 10.0.40219.1
Project("{FAE04EC0-301F-11D3-BF4B-00C04F79EFBC}") = "PHP_Sales_Database", "DP2\PHP_Sales_Database.csproj", "{D106D052-1FAC-439F-AB6B-F80983651F2A}"
EndProject
Project("{FAE04EC0-301F-11D3-BF4B-00C04F79EFBC}") = "UnitTestProject1", "UnitTestProject1\UnitTestProject1.csproj", "{EC268D23-16ED-476F-8859-420D6C26BD2D}"
EndProject
Global
	GlobalSection(SolutionConfigurationPlatforms) = preSolution
		Debug|Any CPU = Debug|Any CPU
		Release|Any CPU = Release|Any CPU
	EndGlobalSection
	GlobalSection(ProjectConfigurationPlatforms) = postSolution
		{D106D052-1FAC-439F-AB6B-F80983651F2A}.Debug|Any CPU.ActiveCfg = Debug|Any CPU
		{D106D052-1FAC-439F-AB6B-F80983651F2A}.Debug|Any CPU.Build.0 = Debug|Any CPU
		{D106D052-1FAC-439F-AB6B-F80983651F2A}.Release|Any CPU.ActiveCfg = Release|Any CPU
		{D106D052-1FAC-439F-AB6B-F80983651F2A}.Release|Any CPU.Build.0 = Release|Any CPU
		{EC268D23-16ED-476F-8859-420D6C26BD2D}.Debug|Any CPU.ActiveCfg = Debug|Any CPU
		{EC268D23-16ED-476F-8859-420D6C26BD2D}.Debug|Any CPU.Build.0 = Debug|Any CPU
		{EC268D23-16ED-476F-8859-420D6C26BD2D}.Release|Any CPU.ActiveCfg = Release|Any CPU
		{EC268D23-16ED-476F-8859-420D6C26BD2D}.Release|Any CPU.Build.0 = Release|Any CPU
	EndGlobalSection
	GlobalSection(SolutionProperties) = preSolution
		HideSolutionNode = FALSE
	EndGlobalSection
	GlobalSection(ExtensibilityGlobals) = postSolution
		SolutionGuid = {6897B667-FFE7-4A23-B15C-A409F81FF525}
	EndGlobalSection
EndGlobal
