
Microsoft Visual Studio Solution File, Format Version 12.00
# Visual Studio Version 16
VisualStudioVersion = 16.0.30503.244
MinimumVisualStudioVersion = 10.0.40219.1
Project("{F14B399A-7131-4C87-9E4B-1186C45EF12D}") = "ReportHistory", "ReportHistory.rptproj", "{870AD27C-3FBA-47A4-A733-15AB0528EA0C}"
EndProject
Global
	GlobalSection(SolutionConfigurationPlatforms) = preSolution
		Debug|Default = Debug|Default
		DebugLocal|Default = DebugLocal|Default
		Release|Default = Release|Default
	EndGlobalSection
	GlobalSection(ProjectConfigurationPlatforms) = postSolution
		{870AD27C-3FBA-47A4-A733-15AB0528EA0C}.Debug|Default.ActiveCfg = Debug
		{870AD27C-3FBA-47A4-A733-15AB0528EA0C}.Debug|Default.Build.0 = Debug
		{870AD27C-3FBA-47A4-A733-15AB0528EA0C}.Debug|Default.Deploy.0 = Debug
		{870AD27C-3FBA-47A4-A733-15AB0528EA0C}.DebugLocal|Default.ActiveCfg = DebugLocal
		{870AD27C-3FBA-47A4-A733-15AB0528EA0C}.DebugLocal|Default.Build.0 = DebugLocal
		{870AD27C-3FBA-47A4-A733-15AB0528EA0C}.Release|Default.ActiveCfg = Release
		{870AD27C-3FBA-47A4-A733-15AB0528EA0C}.Release|Default.Build.0 = Release
		{870AD27C-3FBA-47A4-A733-15AB0528EA0C}.Release|Default.Deploy.0 = Release
	EndGlobalSection
	GlobalSection(SolutionProperties) = preSolution
		HideSolutionNode = FALSE
	EndGlobalSection
	GlobalSection(ExtensibilityGlobals) = postSolution
		SolutionGuid = {0033D362-DB51-4359-9411-5C74BB38306A}
	EndGlobalSection
EndGlobal
